# THIS IS AN AUTOGENERATED FILE. DO NOT EDIT THIS FILE DIRECTLY.
# yarn lockfile v1


"@next/env@12.1.3":
  version "12.1.3"
  resolved "https://registry.npmjs.org/@next/env/-/env-12.1.3.tgz"
  integrity sha512-SoArEiTnqT+DYTLJzmPC4lUJbXngW+tBYdxP2SYEW5rKrBFz4DlQeGG2jwxJFs5Ac5QKZAmeJiSQR/IEHKsRgA==

"@next/swc-android-arm-eabi@12.1.3":
  version "12.1.3"
  resolved "https://registry.yarnpkg.com/@next/swc-android-arm-eabi/-/swc-android-arm-eabi-12.1.3.tgz#2b3f30814dfbee3a62b23d3dbbd1b6ee28743ad5"
  integrity sha512-TqH8Ua/6k6RFyhpS/Nu9vm7Las9RkJx4P27ynhGog/gU2F9qwnwu3U/7sOnpnR13bxXCWQkK6QvOFtqlA0urQw==

"@next/swc-android-arm64@12.1.3":
  version "12.1.3"
  resolved "https://registry.yarnpkg.com/@next/swc-android-arm64/-/swc-android-arm64-12.1.3.tgz#ed6f8e2379583e82859ce0783ca052a7807f6f67"
  integrity sha512-BQiPrCwFPNzqmqE95mAReH5XAKxmB5Y845ihIc1y37tcXkl+ap1wU9MBjIX1tUOYmzLm0cZJnE6AG3ek2nLDVw==

"@next/swc-darwin-arm64@12.1.3":
  version "12.1.3"
  resolved "https://registry.yarnpkg.com/@next/swc-darwin-arm64/-/swc-darwin-arm64-12.1.3.tgz#104a038e86d417d4c99b619f1163a8400b554915"
  integrity sha512-1MszWZF4m/1jYxRKJg2eEkz2s2tbGPx+HDYZlZDpMwO4+8RU0pu7x8SfVWEqf4g2kSC4W9nMNlDysY39jdcZ2w==

"@next/swc-darwin-x64@12.1.3":
  version "12.1.3"
  resolved "https://registry.npmjs.org/@next/swc-darwin-x64/-/swc-darwin-x64-12.1.3.tgz"
  integrity sha512-7BCjXBG4x/MxnWssZPn6x8BKuV2dThFDwVpnCvP5fJ0wB9pAwsgw4pvpO6VdwhMpkQ3sWKm/rZJGimGJ39gT3A==

"@next/swc-linux-arm-gnueabihf@12.1.3":
  version "12.1.3"
  resolved "https://registry.yarnpkg.com/@next/swc-linux-arm-gnueabihf/-/swc-linux-arm-gnueabihf-12.1.3.tgz#f46e6a9fd3b5f16da3704c4808ae7f28c11a2dcc"
  integrity sha512-udQe5Gth99CjjL+Lc5xZq3KQv+eelGTdFnrYv+ggaoeenM6LI4RSvHGf87PSGlbhP6c3pM28cLnWTcF/puuv2Q==

"@next/swc-linux-arm64-gnu@12.1.3":
  version "12.1.3"
  resolved "https://registry.yarnpkg.com/@next/swc-linux-arm64-gnu/-/swc-linux-arm64-gnu-12.1.3.tgz#6cf2a1076acedf4e58918b6829c70385f0a4bbd9"
  integrity sha512-0rVc8A94o2CRgSghbtzHghkdpA+b2s3L6ue/D9RI39zRwLVCoLvobOwlNMR75U43T4Cmv2jgbhxvyaAJibU5Lg==

"@next/swc-linux-arm64-musl@12.1.3":
  version "12.1.3"
  resolved "https://registry.yarnpkg.com/@next/swc-linux-arm64-musl/-/swc-linux-arm64-musl-12.1.3.tgz#36a95485f14f5fa6e4efe2b789f240b37631d482"
  integrity sha512-MoXUjsPrVUe4Qqyew8tK9TiDhBt75lZnGECF7AFUEYGs5NqRcKAc2vPhQtke4QZqfI89+J1Wi4lbPHI2VqWXAA==

"@next/swc-linux-x64-gnu@12.1.3":
  version "12.1.3"
  resolved "https://registry.yarnpkg.com/@next/swc-linux-x64-gnu/-/swc-linux-x64-gnu-12.1.3.tgz#c17adb6943a6e51dfb7fd25636f4f732f5205223"
  integrity sha512-NJZa7Gq0lQlon74WFcWrsk0Y7UmAaNriAAxN6lyYdOHnBuQkriIDtv17Au/tcXyqLlfjcdzWs1LX+9FevKTtaw==

"@next/swc-linux-x64-musl@12.1.3":
  version "12.1.3"
  resolved "https://registry.yarnpkg.com/@next/swc-linux-x64-musl/-/swc-linux-x64-musl-12.1.3.tgz#25b6c26803533482760f2e752df7e18615c2bd39"
  integrity sha512-qK7wpSAXa7C4MjtQGjsp3uHgKKNlml4iwAPnk1ILGXgDRz2Cn1Dy1G7p/1berqsK3+zE7B0BuZ7TdyPHu5+kYQ==

"@next/swc-win32-arm64-msvc@12.1.3":
  version "12.1.3"
  resolved "https://registry.yarnpkg.com/@next/swc-win32-arm64-msvc/-/swc-win32-arm64-msvc-12.1.3.tgz#112fb4588b8810d3a040c7fe7e9bb8102eab3d5f"
  integrity sha512-p2/CYAZWm4I4IK2Dtlynp4diP1Q+daVYUzTo3JyyGGWx7y0ShkU8EDgT7MNSmBkisrTUADqr1W+HIkDVe5Z6vA==

"@next/swc-win32-ia32-msvc@12.1.3":
  version "12.1.3"
  resolved "https://registry.yarnpkg.com/@next/swc-win32-ia32-msvc/-/swc-win32-ia32-msvc-12.1.3.tgz#d34eedf12f652e4850d904423be5cbacf1fadb87"
  integrity sha512-LK9c4+Gp7G/ypUH3jksPqB2vhIWqg2AvgW3xih/y1AeCp0KYKgpS2DSkiW8gXbdIMFy9heBScKZQ5ShhEdXmjQ==

"@next/swc-win32-x64-msvc@12.1.3":
  version "12.1.3"
  resolved "https://registry.yarnpkg.com/@next/swc-win32-x64-msvc/-/swc-win32-x64-msvc-12.1.3.tgz#ee86499d94fa89b64c596e334ae49f42931223ec"
  integrity sha512-+Hsp5rO0aTOPF/4rneLktpEKCfslyVa74kFtkbIUNdMgFrK5/CSYW7p4EHWbAY2gjvvf6yMVDrNd6fsSPPNqIw==

"@sixfold/editor-config@^2.1.0":
  version "2.3.0"
  resolved "https://registry.npmjs.org/@sixfold/editor-config/-/editor-config-2.3.0.tgz"
  integrity sha512-rM15SRTvjoHOxD8qzfG8gKSUVG00FtmvUbf69o5axmESQ9ZVrAm7xpaISd0/AFJgn6I0OYay1NRQZ7cPmkomLA==
  dependencies:
    prettier "^2.5.1"
    tslint-config-prettier "^1.18.0"

"@types/node@^14.14.34":
  version "14.18.12"
  resolved "https://registry.npmjs.org/@types/node/-/node-14.18.12.tgz"
  integrity sha512-q4jlIR71hUpWTnGhXWcakgkZeHa3CCjcQcnuzU8M891BAWA2jHiziiWEPEkdS5pFsz7H9HJiy8BrK7tBRNrY7A==

"@types/prop-types@*":
  version "15.7.4"
  resolved "https://registry.npmjs.org/@types/prop-types/-/prop-types-15.7.4.tgz"
  integrity sha512-rZ5drC/jWjrArrS8BR6SIr4cWpW09RNTYt9AMZo3Jwwif+iacXAqgVjm0B0Bv/S1jhDXKHqRVNCbACkJ89RAnQ==

"@types/react@^17.0.3":
  version "17.0.43"
  resolved "https://registry.npmjs.org/@types/react/-/react-17.0.43.tgz"
  integrity sha512-8Q+LNpdxf057brvPu1lMtC5Vn7J119xrP1aq4qiaefNioQUYANF/CYeK4NsKorSZyUGJ66g0IM+4bbjwx45o2A==
  dependencies:
    "@types/prop-types" "*"
    "@types/scheduler" "*"
    csstype "^3.0.2"

"@types/scheduler@*":
  version "0.16.2"
  resolved "https://registry.npmjs.org/@types/scheduler/-/scheduler-0.16.2.tgz"
  integrity sha512-hppQEBDmlwhFAXKJX2KnWLYu5yMfi91yazPb2l+lbJiwW+wdo1gNeRA+3RgNSO39WYX2euey41KEwnqesU2Jew==

argparse@^1.0.7:
  version "1.0.10"
  resolved "https://registry.npmjs.org/argparse/-/argparse-1.0.10.tgz"
  integrity sha512-o5Roy6tNG4SL/FOkCAN6RzjiakZS25RLYFrcMttJqbdd8BWrnA+fGz57iN5Pb06pvBGvl5gQ0B48dJlslXvoTg==
  dependencies:
    sprintf-js "~1.0.2"

caller-callsite@^2.0.0:
  version "2.0.0"
  resolved "https://registry.npmjs.org/caller-callsite/-/caller-callsite-2.0.0.tgz"
  integrity sha1-hH4PzgoiN1CpoCfFSzNzGtMVQTQ=
  dependencies:
    callsites "^2.0.0"

caller-path@^2.0.0:
  version "2.0.0"
  resolved "https://registry.npmjs.org/caller-path/-/caller-path-2.0.0.tgz"
  integrity sha1-Ro+DBE42mrIBD6xfBs7uFbsssfQ=
  dependencies:
    caller-callsite "^2.0.0"

callsites@^2.0.0:
  version "2.0.0"
  resolved "https://registry.npmjs.org/callsites/-/callsites-2.0.0.tgz"
  integrity sha1-BuuE8A7qQT2oav/vrL/7Ngk7PFA=

caniuse-lite@^1.0.30001283:
  version "1.0.30001322"
  resolved "https://registry.npmjs.org/caniuse-lite/-/caniuse-lite-1.0.30001322.tgz"
  integrity sha512-neRmrmIrCGuMnxGSoh+x7zYtQFFgnSY2jaomjU56sCkTA6JINqQrxutF459JpWcWRajvoyn95sOXq4Pqrnyjew==

classnames@^2.2.6:
  version "2.3.1"
  resolved "https://registry.npmjs.org/classnames/-/classnames-2.3.1.tgz"
  integrity sha512-OlQdbZ7gLfGarSqxesMesDa5uz7KFbID8Kpq/SxIoNGDqY8lSYs0D+hhtBXhcdB3rcbXArFr7vlHheLk1voeNA==

cosmiconfig@^5.0.0:
  version "5.2.1"
  resolved "https://registry.npmjs.org/cosmiconfig/-/cosmiconfig-5.2.1.tgz"
  integrity sha512-H65gsXo1SKjf8zmrJ67eJk8aIRKV5ff2D4uKZIBZShbhGSpEmsQOPW/SKMKYhSTrqR7ufy6RP69rPogdaPh/kA==
  dependencies:
    import-fresh "^2.0.0"
    is-directory "^0.3.1"
    js-yaml "^3.13.1"
    parse-json "^4.0.0"

cssesc@^3.0.0:
  version "3.0.0"
  resolved "https://registry.npmjs.org/cssesc/-/cssesc-3.0.0.tgz"
  integrity sha512-/Tb/JcjK111nNScGob5MNtsntNM1aCNUDipB/TkwZFhyDrrE47SOx/18wF2bbjgc3ZzCSKW1T5nt5EbFoAz/Vg==

csstype@^3.0.2:
  version "3.0.11"
  resolved "https://registry.npmjs.org/csstype/-/csstype-3.0.11.tgz"
  integrity sha512-sa6P2wJ+CAbgyy4KFssIb/JNMLxFvKF1pCYCSXS8ZMuqZnMsrxqI2E5sPyoTpxoPU/gVZMzr2zjOfg8GIZOMsw==

error-ex@^1.3.1:
  version "1.3.2"
  resolved "https://registry.npmjs.org/error-ex/-/error-ex-1.3.2.tgz"
  integrity sha512-7dFHNmqeFSEt2ZBsCriorKnn3Z2pj+fd9kmI6QoWw4//DL+icEBfc0U7qJCisqrTsKTjw4fNFy2pW9OqStD84g==
  dependencies:
    is-arrayish "^0.2.1"

esprima@^4.0.0:
  version "4.0.1"
  resolved "https://registry.npmjs.org/esprima/-/esprima-4.0.1.tgz"
  integrity sha512-eGuFFw7Upda+g4p+QHvnW0RyTX/SVeJBDM/gCtMARO0cLuT2HcEKnTPvhjV6aGeqrCB/sbNop0Kszm0jsaWU4A==

import-cwd@^2.0.0:
  version "2.1.0"
  resolved "https://registry.npmjs.org/import-cwd/-/import-cwd-2.1.0.tgz"
  integrity sha1-qmzzbnInYShcs3HsZRn1PiQ1sKk=
  dependencies:
    import-from "^2.1.0"

import-fresh@^2.0.0:
  version "2.0.0"
  resolved "https://registry.npmjs.org/import-fresh/-/import-fresh-2.0.0.tgz"
  integrity sha1-2BNVwVYS04bGH53dOSLUMEgipUY=
  dependencies:
    caller-path "^2.0.0"
    resolve-from "^3.0.0"

import-from@^2.1.0:
  version "2.1.0"
  resolved "https://registry.npmjs.org/import-from/-/import-from-2.1.0.tgz"
  integrity sha1-M1238qev/VOqpHHUuAId7ja387E=
  dependencies:
    resolve-from "^3.0.0"

is-arrayish@^0.2.1:
  version "0.2.1"
  resolved "https://registry.npmjs.org/is-arrayish/-/is-arrayish-0.2.1.tgz"
  integrity sha1-d8mYQFJ6qOyxqLppe4BkWnqSap0=

is-directory@^0.3.1:
  version "0.3.1"
  resolved "https://registry.npmjs.org/is-directory/-/is-directory-0.3.1.tgz"
  integrity sha1-YTObbyR1/Hcv2cnYP1yFddwVSuE=

"js-tokens@^3.0.0 || ^4.0.0":
  version "4.0.0"
  resolved "https://registry.npmjs.org/js-tokens/-/js-tokens-4.0.0.tgz"
  integrity sha512-RdJUflcE3cUzKiMqQgsCu06FPu9UdIJO0beYbPhHN4k6apgJtifcoCtT9bcxOpYBtpD2kCM6Sbzg4CausW/PKQ==

js-yaml@^3.13.1:
  version "3.14.1"
  resolved "https://registry.npmjs.org/js-yaml/-/js-yaml-3.14.1.tgz"
  integrity sha512-okMH7OXXJ7YrN9Ok3/SXrnu4iX9yOk+25nqX4imS2npuvTYDmo/QEZoqwZkYaIDk3jVvBOTOIEgEhaLOynBS9g==
  dependencies:
    argparse "^1.0.7"
    esprima "^4.0.0"

json-parse-better-errors@^1.0.1:
  version "1.0.2"
  resolved "https://registry.npmjs.org/json-parse-better-errors/-/json-parse-better-errors-1.0.2.tgz"
  integrity sha512-mrqyZKfX5EhL7hvqcV6WG1yYjnjeuYDzDhhcAAUrq8Po85NBQBJP+ZDUT75qZQ98IkUoBqdkExkukOU7Ts2wrw==

loose-envify@^1.1.0:
  version "1.4.0"
  resolved "https://registry.npmjs.org/loose-envify/-/loose-envify-1.4.0.tgz"
  integrity sha512-lyuxPGr/Wfhrlem2CL/UcnUc1zcqKAImBDzukY7Y5F/yQiNdko6+fRLevlw1HgMySw7f611UIY408EtxRSoK3Q==
  dependencies:
    js-tokens "^3.0.0 || ^4.0.0"

nanoid@^3.1.30:
  version "3.3.2"
  resolved "https://registry.npmjs.org/nanoid/-/nanoid-3.3.2.tgz"
  integrity sha512-CuHBogktKwpm5g2sRgv83jEy2ijFzBwMoYA60orPDR7ynsLijJDqgsi4RDGj3OJpy3Ieb+LYwiRmIOGyytgITA==

next@^12.0.4:
  version "12.1.3"
  resolved "https://registry.npmjs.org/next/-/next-12.1.3.tgz"
  integrity sha512-SPNEyB21AwewquHOk9BR1rOJ4I/kI8zTAhpBkjFHpUd1CFrQ+fK6HLH8zGG/8pHhA3hX+pLfWtwE3PAJ0Y9hyg==
  dependencies:
    "@next/env" "12.1.3"
    caniuse-lite "^1.0.30001283"
    postcss "8.4.5"
    styled-jsx "5.0.1"
  optionalDependencies:
    "@next/swc-android-arm-eabi" "12.1.3"
    "@next/swc-android-arm64" "12.1.3"
    "@next/swc-darwin-arm64" "12.1.3"
    "@next/swc-darwin-x64" "12.1.3"
    "@next/swc-linux-arm-gnueabihf" "12.1.3"
    "@next/swc-linux-arm64-gnu" "12.1.3"
    "@next/swc-linux-arm64-musl" "12.1.3"
    "@next/swc-linux-x64-gnu" "12.1.3"
    "@next/swc-linux-x64-musl" "12.1.3"
    "@next/swc-win32-arm64-msvc" "12.1.3"
    "@next/swc-win32-ia32-msvc" "12.1.3"
    "@next/swc-win32-x64-msvc" "12.1.3"

parse-json@^4.0.0:
  version "4.0.0"
  resolved "https://registry.npmjs.org/parse-json/-/parse-json-4.0.0.tgz"
  integrity sha1-vjX1Qlvh9/bHRxhPmKeIy5lHfuA=
  dependencies:
    error-ex "^1.3.1"
    json-parse-better-errors "^1.0.1"

picocolors@^0.2.1:
  version "0.2.1"
  resolved "https://registry.npmjs.org/picocolors/-/picocolors-0.2.1.tgz"
  integrity sha512-cMlDqaLEqfSaW8Z7N5Jw+lyIW869EzT73/F5lhtY9cLGoVxSXznfgfXMO0Z5K0o0Q2TkTXq+0KFsdnSe3jDViA==

picocolors@^1.0.0:
  version "1.0.0"
  resolved "https://registry.npmjs.org/picocolors/-/picocolors-1.0.0.tgz"
  integrity sha512-1fygroTLlHu66zi26VoTDv8yRgm0Fccecssto+MhsZ0D/DGW2sm8E8AjW7NU5VVTRt5GxbeZ5qBuJr+HyLYkjQ==

postcss-load-config@^2.1.2:
  version "2.1.2"
  resolved "https://registry.npmjs.org/postcss-load-config/-/postcss-load-config-2.1.2.tgz"
  integrity sha512-/rDeGV6vMUo3mwJZmeHfEDvwnTKKqQ0S7OHUi/kJvvtx3aWtyWG2/0ZWnzCt2keEclwN6Tf0DST2v9kITdOKYw==
  dependencies:
    cosmiconfig "^5.0.0"
    import-cwd "^2.0.0"

postcss-nested@^4.2.1:
  version "4.2.3"
  resolved "https://registry.npmjs.org/postcss-nested/-/postcss-nested-4.2.3.tgz"
  integrity sha512-rOv0W1HquRCamWy2kFl3QazJMMe1ku6rCFoAAH+9AcxdbpDeBr6k968MLWuLjvjMcGEip01ak09hKOEgpK9hvw==
  dependencies:
    postcss "^7.0.32"
    postcss-selector-parser "^6.0.2"

postcss-selector-parser@^6.0.2:
  version "6.0.10"
  resolved "https://registry.npmjs.org/postcss-selector-parser/-/postcss-selector-parser-6.0.10.tgz"
  integrity sha512-IQ7TZdoaqbT+LCpShg46jnZVlhWD2w6iQYAcYXfHARZ7X1t/UGhhceQDs5X0cGqKvYlHNOuv7Oa1xmb0oQuA3w==
  dependencies:
    cssesc "^3.0.0"
    util-deprecate "^1.0.2"

postcss@8.4.5:
  version "8.4.5"
  resolved "https://registry.npmjs.org/postcss/-/postcss-8.4.5.tgz"
  integrity sha512-jBDboWM8qpaqwkMwItqTQTiFikhs/67OYVvblFFTM7MrZjt6yMKd6r2kgXizEbTTljacm4NldIlZnhbjr84QYg==
  dependencies:
    nanoid "^3.1.30"
    picocolors "^1.0.0"
    source-map-js "^1.0.1"

postcss@^7.0.32:
  version "7.0.39"
  resolved "https://registry.npmjs.org/postcss/-/postcss-7.0.39.tgz"
  integrity sha512-yioayjNbHn6z1/Bywyb2Y4s3yvDAeXGOyxqD+LnVOinq6Mdmd++SW2wUNVzavyyHxd6+DxzWGIuosg6P1Rj8uA==
  dependencies:
    picocolors "^0.2.1"
    source-map "^0.6.1"

prettier@^2.2.1, prettier@^2.5.1:
  version "2.6.1"
  resolved "https://registry.npmjs.org/prettier/-/prettier-2.6.1.tgz"
  integrity sha512-8UVbTBYGwN37Bs9LERmxCPjdvPxlEowx2urIL6urHzdb3SDq4B/Z6xLFCblrSnE4iKWcS6ziJ3aOYrc1kz/E2A==

react-dom@^18.2.0:
  version "18.2.0"
  resolved "https://registry.npmjs.org/react-dom/-/react-dom-18.2.0.tgz"
  integrity sha512-6IMTriUmvsjHUjNtEDudZfuDQUoWXVxKHhlEGSk81n4YFS+r/Kl99wXiwlVXtPBtJenozv2P+hxDsw9eA7Xo6g==
  dependencies:
    loose-envify "^1.1.0"
    scheduler "^0.23.0"

react@^18.2.0:
  version "18.2.0"
  resolved "https://registry.npmjs.org/react/-/react-18.2.0.tgz"
  integrity sha512-/3IjMdb2L9QbBdWiW5e3P2/npwMBaU9mHCSCUzNln0ZCYbcfTsGbTJrU/kGemdH2IWmB2ioZ+zkxtmq6g09fGQ==
  dependencies:
    loose-envify "^1.1.0"

resolve-from@^3.0.0:
  version "3.0.0"
  resolved "https://registry.npmjs.org/resolve-from/-/resolve-from-3.0.0.tgz"
  integrity sha1-six699nWiBvItuZTM17rywoYh0g=

scheduler@^0.23.0:
  version "0.23.0"
  resolved "https://registry.npmjs.org/scheduler/-/scheduler-0.23.0.tgz"
  integrity sha512-CtuThmgHNg7zIZWAXi3AsyIzA3n4xx7aNyjwC2VJldO2LMVDhFK+63xGqq6CsJH4rTAt6/M+N4GhZiDYPx9eUw==
  dependencies:
    loose-envify "^1.1.0"

source-map-js@^1.0.1:
  version "1.0.2"
  resolved "https://registry.npmjs.org/source-map-js/-/source-map-js-1.0.2.tgz"
  integrity sha512-R0XvVJ9WusLiqTCEiGCmICCMplcCkIwwR11mOSD9CR5u+IXYdiseeEuXCVAjS54zqwkLcPNnmU4OeJ6tUrWhDw==

source-map@^0.6.1:
  version "0.6.1"
  resolved "https://registry.npmjs.org/source-map/-/source-map-0.6.1.tgz"
  integrity sha512-UjgapumWlbMhkBgzT7Ykc5YXUT46F0iKu8SGXq0bcwP5dz/h0Plj6enJqjz1Zbq2l5WaqYnrVbwWOWMyF3F47g==

sprintf-js@~1.0.2:
  version "1.0.3"
  resolved "https://registry.npmjs.org/sprintf-js/-/sprintf-js-1.0.3.tgz"
  integrity sha1-BOaSb2YolTVPPdAVIDYzuFcpfiw=

styled-jsx-plugin-postcss@^4.0.0:
  version "4.0.1"
  resolved "https://registry.npmjs.org/styled-jsx-plugin-postcss/-/styled-jsx-plugin-postcss-4.0.1.tgz"
  integrity sha512-Qy3OnewWZYykT0ESWRqqC7KhYSghXpel+cnY3/MOnmatEwvJl1+RB5YwJRjqhcODDoY/D+dKH97PZFuF3/rCBg==
  dependencies:
    postcss-load-config "^2.1.2"

styled-jsx@5.0.1:
  version "5.0.1"
  resolved "https://registry.npmjs.org/styled-jsx/-/styled-jsx-5.0.1.tgz"
  integrity sha512-+PIZ/6Uk40mphiQJJI1202b+/dYeTVd9ZnMPR80pgiWbjIwvN2zIp4r9et0BgqBuShh48I0gttPlAXA7WVvBxw==

tslint-config-prettier@^1.18.0:
  version "1.18.0"
  resolved "https://registry.npmjs.org/tslint-config-prettier/-/tslint-config-prettier-1.18.0.tgz"
  integrity sha512-xPw9PgNPLG3iKRxmK7DWr+Ea/SzrvfHtjFt5LBl61gk2UBG/DB9kCXRjv+xyIU1rUtnayLeMUVJBcMX8Z17nDg==

typescript@^4.6.3:
  version "4.6.3"
  resolved "https://registry.npmjs.org/typescript/-/typescript-4.6.3.tgz"
  integrity sha512-yNIatDa5iaofVozS/uQJEl3JRWLKKGJKh6Yaiv0GLGSuhpFJe7P3SbHZ8/yjAHRQwKRoA6YZqlfjXWmVzoVSMw==

util-deprecate@^1.0.2:
  version "1.0.2"
  resolved "https://registry.npmjs.org/util-deprecate/-/util-deprecate-1.0.2.tgz"
  integrity sha1-RQ1Nyfpw3nMnYvvS1KKJgUGaDM8=
